
Microsoft Visual Studio Solution File, Format Version 12.00
# Visual Studio 15
VisualStudioVersion = 15.0.27428.2037
MinimumVisualStudioVersion = 10.0.40219.1
Project("{FAE04EC0-301F-11D3-BF4B-00C04F79EFBC}") = "LookupsDataProcessApplication", "LookupsDataProcessApplication\LookupsDataProcessApplication.csproj", "{8C4626C0-8CAC-47D3-982C-A060C1467E8C}"
EndProject
Global
	GlobalSection(SolutionConfigurationPlatforms) = preSolution
		Debug|Any CPU = Debug|Any CPU
		Release|Any CPU = Release|Any CPU
	EndGlobalSection
	GlobalSection(ProjectConfigurationPlatforms) = postSolution
		{8C4626C0-8CAC-47D3-982C-A060C1467E8C}.Debug|Any CPU.ActiveCfg = Debug|Any CPU
		{8C4626C0-8CAC-47D3-982C-A060C1467E8C}.Debug|Any CPU.Build.0 = Debug|Any CPU
		{8C4626C0-8CAC-47D3-982C-A060C1467E8C}.Release|Any CPU.ActiveCfg = Release|Any CPU
		{8C4626C0-8CAC-47D3-982C-A060C1467E8C}.Release|Any CPU.Build.0 = Release|Any CPU
	EndGlobalSection
	GlobalSection(SolutionProperties) = preSolution
		HideSolutionNode = FALSE
	EndGlobalSection
	GlobalSection(ExtensibilityGlobals) = postSolution
		SolutionGuid = {19BCFEF5-08CF-440B-8F2E-7431A327404B}
	EndGlobalSection
EndGlobal
